
Microsoft Visual Studio Solution File, Format Version 12.00
# Visual Studio Version 17
VisualStudioVersion = 17.14.36429.23
MinimumVisualStudioVersion = 10.0.40219.1
Project("{8BC9CEB8-8B4A-11D0-8D11-00A0C91BC942}") = "Lab3", "Lab3\Lab3.vcxproj", "{FA1BC72A-305A-4F26-993D-BD26023AAAF1}"
EndProject
Project("{8BC9CEB8-8B4A-11D0-8D11-00A0C91BC942}") = "Lab2", "Lab2\Lab2.vcxproj", "{601C8370-55D5-4550-874E-5C64010F35F6}"
EndProject
Project("{8BC9CEB8-8B4A-11D0-8D11-00A0C91BC942}") = "Lab4", "Lab4\Lab4.vcxproj", "{51F9FA4D-6983-45AF-8FC0-66930F93650D}"
EndProject
Global
	GlobalSection(SolutionConfigurationPlatforms) = preSolution
		Debug|x64 = Debug|x64
		Debug|x86 = Debug|x86
		Release|x64 = Release|x64
		Release|x86 = Release|x86
	EndGlobalSection
	GlobalSection(ProjectConfigurationPlatforms) = postSolution
		{FA1BC72A-305A-4F26-993D-BD26023AAAF1}.Debug|x64.ActiveCfg = Debug|x64
		{FA1BC72A-305A-4F26-993D-BD26023AAAF1}.Debug|x64.Build.0 = Debug|x64
		{FA1BC72A-305A-4F26-993D-BD26023AAAF1}.Debug|x86.ActiveCfg = Debug|Win32
		{FA1BC72A-305A-4F26-993D-BD26023AAAF1}.Debug|x86.Build.0 = Debug|Win32
		{FA1BC72A-305A-4F26-993D-BD26023AAAF1}.Release|x64.ActiveCfg = Release|x64
		{FA1BC72A-305A-4F26-993D-BD26023AAAF1}.Release|x64.Build.0 = Release|x64
		{FA1BC72A-305A-4F26-993D-BD26023AAAF1}.Release|x86.ActiveCfg = Release|Win32
		{FA1BC72A-305A-4F26-993D-BD26023AAAF1}.Release|x86.Build.0 = Release|Win32
		{601C8370-55D5-4550-874E-5C64010F35F6}.Debug|x64.ActiveCfg = Debug|x64
		{601C8370-55D5-4550-874E-5C64010F35F6}.Debug|x64.Build.0 = Debug|x64
		{601C8370-55D5-4550-874E-5C64010F35F6}.Debug|x86.ActiveCfg = Debug|Win32
		{601C8370-55D5-4550-874E-5C64010F35F6}.Debug|x86.Build.0 = Debug|Win32
		{601C8370-55D5-4550-874E-5C64010F35F6}.Release|x64.ActiveCfg = Release|x64
		{601C8370-55D5-4550-874E-5C64010F35F6}.Release|x64.Build.0 = Release|x64
		{601C8370-55D5-4550-874E-5C64010F35F6}.Release|x86.ActiveCfg = Release|Win32
		{601C8370-55D5-4550-874E-5C64010F35F6}.Release|x86.Build.0 = Release|Win32
		{51F9FA4D-6983-45AF-8FC0-66930F93650D}.Debug|x64.ActiveCfg = Debug|x64
		{51F9FA4D-6983-45AF-8FC0-66930F93650D}.Debug|x64.Build.0 = Debug|x64
		{51F9FA4D-6983-45AF-8FC0-66930F93650D}.Debug|x86.ActiveCfg = Debug|Win32
		{51F9FA4D-6983-45AF-8FC0-66930F93650D}.Debug|x86.Build.0 = Debug|Win32
		{51F9FA4D-6983-45AF-8FC0-66930F93650D}.Release|x64.ActiveCfg = Release|x64
		{51F9FA4D-6983-45AF-8FC0-66930F93650D}.Release|x64.Build.0 = Release|x64
		{51F9FA4D-6983-45AF-8FC0-66930F93650D}.Release|x86.ActiveCfg = Release|Win32
		{51F9FA4D-6983-45AF-8FC0-66930F93650D}.Release|x86.Build.0 = Release|Win32
	EndGlobalSection
	GlobalSection(SolutionProperties) = preSolution
		HideSolutionNode = FALSE
	EndGlobalSection
	GlobalSection(ExtensibilityGlobals) = postSolution
		SolutionGuid = {BAAA89BD-3DEF-40ED-8838-F3C141CDC517}
	EndGlobalSection
EndGlobal
